
Microsoft Visual Studio Solution File, Format Version 12.00
# Visual Studio Version 17
VisualStudioVersion = 17.13.35931.197 d17.13
MinimumVisualStudioVersion = 10.0.40219.1
Project("{FAE04EC0-301F-11D3-BF4B-00C04F79EFBC}") = "ATMProject", "ATMProject\ATMProject.csproj", "{BB915477-7E6E-4F20-9324-DFF048B9E270}"
EndProject
Global
	GlobalSection(SolutionConfigurationPlatforms) = preSolution
		Debug|Any CPU = Debug|Any CPU
		Release|Any CPU = Release|Any CPU
	EndGlobalSection
	GlobalSection(ProjectConfigurationPlatforms) = postSolution
		{BB915477-7E6E-4F20-9324-DFF048B9E270}.Debug|Any CPU.ActiveCfg = Debug|Any CPU
		{BB915477-7E6E-4F20-9324-DFF048B9E270}.Debug|Any CPU.Build.0 = Debug|Any CPU
		{BB915477-7E6E-4F20-9324-DFF048B9E270}.Release|Any CPU.ActiveCfg = Release|Any CPU
		{BB915477-7E6E-4F20-9324-DFF048B9E270}.Release|Any CPU.Build.0 = Release|Any CPU
	EndGlobalSection
	GlobalSection(SolutionProperties) = preSolution
		HideSolutionNode = FALSE
	EndGlobalSection
	GlobalSection(ExtensibilityGlobals) = postSolution
		SolutionGuid = {19C603E3-6A34-4737-9143-526D046A0BDA}
	EndGlobalSection
EndGlobal
